
Microsoft Visual Studio Solution File, Format Version 12.00
Project("{FAE04EC0-301F-11D3-BF4B-00C04F79EFBC}") = "AbstractTask", "AbstractTask\AbstractTask.csproj", "{68AA5DF5-2AEF-447B-87ED-DBF482C2718D}"
EndProject
Global
	GlobalSection(SolutionConfigurationPlatforms) = preSolution
		Debug|Any CPU = Debug|Any CPU
		Release|Any CPU = Release|Any CPU
	EndGlobalSection
	GlobalSection(ProjectConfigurationPlatforms) = postSolution
		{68AA5DF5-2AEF-447B-87ED-DBF482C2718D}.Debug|Any CPU.ActiveCfg = Debug|Any CPU
		{68AA5DF5-2AEF-447B-87ED-DBF482C2718D}.Debug|Any CPU.Build.0 = Debug|Any CPU
		{68AA5DF5-2AEF-447B-87ED-DBF482C2718D}.Release|Any CPU.ActiveCfg = Release|Any CPU
		{68AA5DF5-2AEF-447B-87ED-DBF482C2718D}.Release|Any CPU.Build.0 = Release|Any CPU
	EndGlobalSection
EndGlobal
